version = 1
requires-python = ">=3.12"

[[package]]
name = "qsharp"
version = "1.8.0"
source = { registry = "https://pypi.org/simple" }
wheels = [
    { url = "https://files.pythonhosted.org/packages/3f/cc/22dbc0f90af29f3f08df751ef3e8f705598773e9425559a1302c01bfb0a9/qsharp-1.8.0-cp38-abi3-macosx_10_12_x86_64.macosx_11_0_arm64.macosx_10_12_universal2.whl", hash = "sha256:7b73a4ae15ee742a3d65f1506847fe5349bbe9ce99310b8041961367a818ae4f", size = 3776021 },
    { url = "https://files.pythonhosted.org/packages/f1/1d/ccdbc21059fdceaa1ac71bb6eb84509b8b9c8ca051399ab72e09710fecf3/qsharp-1.8.0-cp38-abi3-manylinux_2_31_aarch64.whl", hash = "sha256:e103782f8a5d241e21675e84f7cee842164b4de7010968141b44437899f2336f", size = 1876025 },
    { url = "https://files.pythonhosted.org/packages/bb/1a/d44d997dba831a29a8da1d94bf1f5f4f656783128388b1e0debb02a40e80/qsharp-1.8.0-cp38-abi3-manylinux_2_31_x86_64.whl", hash = "sha256:9bf65dca61fd0e327c14e7ecbe6f3da81c07ad511a11c0f83104806278187214", size = 2031037 },
    { url = "https://files.pythonhosted.org/packages/03/0f/0bcfc69b3d066245648b5af05a26d4e05aeb9994160670473431886423d0/qsharp-1.8.0-cp38-abi3-win_amd64.whl", hash = "sha256:bb0ef087b70af4cf5100b8f9229378dde1d11bee985b2d1838bf90a72288a794", size = 2030991 },
    { url = "https://files.pythonhosted.org/packages/8b/82/f265a614217bd7bcffd354778d75344b0804d90a5c93e1bf0e3ba4403076/qsharp-1.8.0-cp38-abi3-win_arm64.whl", hash = "sha256:b2e37cb398ca7786ee7f36b3b602419dc7ff6626cb218416985908f754f683e6", size = 1949587 },
]

[[package]]
name = "what"
version = "0.1.0"
source = { virtual = "." }
dependencies = [
    { name = "qsharp" },
]

[package.metadata]
requires-dist = [{ name = "qsharp", specifier = ">=1.8.0" }]
